// !$*UTF8*$!
{
	archiveVersion = 1;
	classes = {
	};
	objectVersion = 50;
	objects = {

/* Begin PBXBuildFile section */
		1402EFE41F4B30B5232F1578 /* Pods_askUSCTests.framework in Frameworks */ = {isa = PBXBuildFile; fileRef = 2A3D7E51ACC9FBFAE61700EF /* Pods_askUSCTests.framework */; };
		2890C17C32AAEF29031AC835 /* Pods_askUSCUITests.framework in Frameworks */ = {isa = PBXBuildFile; fileRef = 51469922D293E03E083FB356 /* Pods_askUSCUITests.framework */; };
		C77DACDB1D2D71B1CE30F3B4 /* Pods_askUSC.framework in Frameworks */ = {isa = PBXBuildFile; fileRef = B722D2021FEED0A9711186F2 /* Pods_askUSC.framework */; };
		D51A4B9B2175682A00014A6B /* Media.xcassets in Resources */ = {isa = PBXBuildFile; fileRef = D51A4B9A2175682A00014A6B /* Media.xcassets */; };
		D51E2BA42177E1FF00AAD938 /* SideMenuTableViewController.swift in Sources */ = {isa = PBXBuildFile; fileRef = D51E2BA32177E1FF00AAD938 /* SideMenuTableViewController.swift */; };
		D51E2BA62177EAB600AAD938 /* StringStyleRegistry.swift in Sources */ = {isa = PBXBuildFile; fileRef = D51E2BA52177EAB600AAD938 /* StringStyleRegistry.swift */; };
		D51E2BA8217B0CB900AAD938 /* ClassTableViewController.swift in Sources */ = {isa = PBXBuildFile; fileRef = D51E2BA7217B0CB900AAD938 /* ClassTableViewController.swift */; };
		D51E2BAA217D9D8A00AAD938 /* GlobalDispatchGroup.swift in Sources */ = {isa = PBXBuildFile; fileRef = D51E2BA9217D9D8A00AAD938 /* GlobalDispatchGroup.swift */; };
		D51E2BAC217E7D1600AAD938 /* ClassRegisterViewController.swift in Sources */ = {isa = PBXBuildFile; fileRef = D51E2BAB217E7D1600AAD938 /* ClassRegisterViewController.swift */; };
		D51E2BB4217FC79800AAD938 /* ClassTableViewCell.swift in Sources */ = {isa = PBXBuildFile; fileRef = D51E2BB3217FC79800AAD938 /* ClassTableViewCell.swift */; };
		D51E2BB621821A1D00AAD938 /* GlobalLinearProgressBar.swift in Sources */ = {isa = PBXBuildFile; fileRef = D51E2BB521821A1D00AAD938 /* GlobalLinearProgressBar.swift */; };
		D51EA5FA21757D6D0023A6A4 /* ProfileViewController.swift in Sources */ = {isa = PBXBuildFile; fileRef = D51EA5F921757D6D0023A6A4 /* ProfileViewController.swift */; };
		D52CD4BF218C9FFA006F4483 /* ClassroomChatTableViewController.swift in Sources */ = {isa = PBXBuildFile; fileRef = D52CD4BE218C9FFA006F4483 /* ClassroomChatTableViewController.swift */; };
		D52CD4C1218CA925006F4483 /* ClassroomChatSectionHeaderView.swift in Sources */ = {isa = PBXBuildFile; fileRef = D52CD4C0218CA925006F4483 /* ClassroomChatSectionHeaderView.swift */; };
		D56BD18C217449160046E3DD /* AppDelegate.swift in Sources */ = {isa = PBXBuildFile; fileRef = D56BD18B217449160046E3DD /* AppDelegate.swift */; };
		D56BD18E217449160046E3DD /* LoginViewController.swift in Sources */ = {isa = PBXBuildFile; fileRef = D56BD18D217449160046E3DD /* LoginViewController.swift */; };
		D56BD196217449170046E3DD /* LaunchScreen.storyboard in Resources */ = {isa = PBXBuildFile; fileRef = D56BD194217449170046E3DD /* LaunchScreen.storyboard */; };
		D56BD1A1217449180046E3DD /* askUSCTests.swift in Sources */ = {isa = PBXBuildFile; fileRef = D56BD1A0217449180046E3DD /* askUSCTests.swift */; };
		D56BD1AC217449180046E3DD /* askUSCUITests.swift in Sources */ = {isa = PBXBuildFile; fileRef = D56BD1AB217449180046E3DD /* askUSCUITests.swift */; };
		D56BD1BA217544620046E3DD /* Core.swift in Sources */ = {isa = PBXBuildFile; fileRef = D56BD1B9217544620046E3DD /* Core.swift */; };
		D5D4824121755CC6004E346F /* BaseViewController.swift in Sources */ = {isa = PBXBuildFile; fileRef = D5D4824021755CC6004E346F /* BaseViewController.swift */; };
		D5D482432175602E004E346F /* Extensions.swift in Sources */ = {isa = PBXBuildFile; fileRef = D5D482422175602E004E346F /* Extensions.swift */; };
		D5D4EDA72182E658000EE81F /* NetworkingUtility.swift in Sources */ = {isa = PBXBuildFile; fileRef = D5D4EDA62182E658000EE81F /* NetworkingUtility.swift */; };
		D5D4EDAA218667CD000EE81F /* Message.swift in Sources */ = {isa = PBXBuildFile; fileRef = D5D4EDA9218667CD000EE81F /* Message.swift */; };
		D5D4EDAC21866ED6000EE81F /* Profile.swift in Sources */ = {isa = PBXBuildFile; fileRef = D5D4EDAB21866ED6000EE81F /* Profile.swift */; };
		D5D4EDAE21866F10000EE81F /* Class.swift in Sources */ = {isa = PBXBuildFile; fileRef = D5D4EDAD21866F10000EE81F /* Class.swift */; };
		D5D4EDB021866FA5000EE81F /* Quote.swift in Sources */ = {isa = PBXBuildFile; fileRef = D5D4EDAF21866FA5000EE81F /* Quote.swift */; };
		D5D5E4552188AD7500FCDAB1 /* ClassroomTableCell.swift in Sources */ = {isa = PBXBuildFile; fileRef = D5D5E4542188AD7500FCDAB1 /* ClassroomTableCell.swift */; };
/* End PBXBuildFile section */

/* Begin PBXContainerItemProxy section */
		D56BD19D217449180046E3DD /* PBXContainerItemProxy */ = {
			isa = PBXContainerItemProxy;
			containerPortal = D56BD180217449160046E3DD /* Project object */;
			proxyType = 1;
			remoteGlobalIDString = D56BD187217449160046E3DD;
			remoteInfo = askUSC;
		};
		D56BD1A8217449180046E3DD /* PBXContainerItemProxy */ = {
			isa = PBXContainerItemProxy;
			containerPortal = D56BD180217449160046E3DD /* Project object */;
			proxyType = 1;
			remoteGlobalIDString = D56BD187217449160046E3DD;
			remoteInfo = askUSC;
		};
/* End PBXContainerItemProxy section */

/* Begin PBXFileReference section */
		14935E1AB3BB395EEB45512F /* Pods-askUSC.debug.xcconfig */ = {isa = PBXFileReference; includeInIndex = 1; lastKnownFileType = text.xcconfig; name = "Pods-askUSC.debug.xcconfig"; path = "Pods/Target Support Files/Pods-askUSC/Pods-askUSC.debug.xcconfig"; sourceTree = "<group>"; };
		2A3D7E51ACC9FBFAE61700EF /* Pods_askUSCTests.framework */ = {isa = PBXFileReference; explicitFileType = wrapper.framework; includeInIndex = 0; path = Pods_askUSCTests.framework; sourceTree = BUILT_PRODUCTS_DIR; };
		50C0C634F2FF72CF8A7635A2 /* Pods-askUSCUITests.debug.xcconfig */ = {isa = PBXFileReference; includeInIndex = 1; lastKnownFileType = text.xcconfig; name = "Pods-askUSCUITests.debug.xcconfig"; path = "Pods/Target Support Files/Pods-askUSCUITests/Pods-askUSCUITests.debug.xcconfig"; sourceTree = "<group>"; };
		51469922D293E03E083FB356 /* Pods_askUSCUITests.framework */ = {isa = PBXFileReference; explicitFileType = wrapper.framework; includeInIndex = 0; path = Pods_askUSCUITests.framework; sourceTree = BUILT_PRODUCTS_DIR; };
		52A0DDE46317082E88271196 /* Pods-askUSCTests.debug.xcconfig */ = {isa = PBXFileReference; includeInIndex = 1; lastKnownFileType = text.xcconfig; name = "Pods-askUSCTests.debug.xcconfig"; path = "Pods/Target Support Files/Pods-askUSCTests/Pods-askUSCTests.debug.xcconfig"; sourceTree = "<group>"; };
		8CE099B62ED30A17A4BD074A /* Pods-askUSCUITests.release.xcconfig */ = {isa = PBXFileReference; includeInIndex = 1; lastKnownFileType = text.xcconfig; name = "Pods-askUSCUITests.release.xcconfig"; path = "Pods/Target Support Files/Pods-askUSCUITests/Pods-askUSCUITests.release.xcconfig"; sourceTree = "<group>"; };
		B1315C067564BE1472249374 /* Pods-askUSC.release.xcconfig */ = {isa = PBXFileReference; includeInIndex = 1; lastKnownFileType = text.xcconfig; name = "Pods-askUSC.release.xcconfig"; path = "Pods/Target Support Files/Pods-askUSC/Pods-askUSC.release.xcconfig"; sourceTree = "<group>"; };
		B573C78AC5222F479262B389 /* Pods-askUSCTests.release.xcconfig */ = {isa = PBXFileReference; includeInIndex = 1; lastKnownFileType = text.xcconfig; name = "Pods-askUSCTests.release.xcconfig"; path = "Pods/Target Support Files/Pods-askUSCTests/Pods-askUSCTests.release.xcconfig"; sourceTree = "<group>"; };
		B722D2021FEED0A9711186F2 /* Pods_askUSC.framework */ = {isa = PBXFileReference; explicitFileType = wrapper.framework; includeInIndex = 0; path = Pods_askUSC.framework; sourceTree = BUILT_PRODUCTS_DIR; };
		D51A4B9A2175682A00014A6B /* Media.xcassets */ = {isa = PBXFileReference; lastKnownFileType = folder.assetcatalog; path = Media.xcassets; sourceTree = "<group>"; };
		D51E2BA32177E1FF00AAD938 /* SideMenuTableViewController.swift */ = {isa = PBXFileReference; lastKnownFileType = sourcecode.swift; path = SideMenuTableViewController.swift; sourceTree = "<group>"; };
		D51E2BA52177EAB600AAD938 /* StringStyleRegistry.swift */ = {isa = PBXFileReference; lastKnownFileType = sourcecode.swift; path = StringStyleRegistry.swift; sourceTree = "<group>"; };
		D51E2BA7217B0CB900AAD938 /* ClassTableViewController.swift */ = {isa = PBXFileReference; lastKnownFileType = sourcecode.swift; path = ClassTableViewController.swift; sourceTree = "<group>"; };
		D51E2BA9217D9D8A00AAD938 /* GlobalDispatchGroup.swift */ = {isa = PBXFileReference; lastKnownFileType = sourcecode.swift; path = GlobalDispatchGroup.swift; sourceTree = "<group>"; };
		D51E2BAB217E7D1600AAD938 /* ClassRegisterViewController.swift */ = {isa = PBXFileReference; lastKnownFileType = sourcecode.swift; path = ClassRegisterViewController.swift; sourceTree = "<group>"; };
		D51E2BB3217FC79800AAD938 /* ClassTableViewCell.swift */ = {isa = PBXFileReference; lastKnownFileType = sourcecode.swift; path = ClassTableViewCell.swift; sourceTree = "<group>"; };
		D51E2BB521821A1D00AAD938 /* GlobalLinearProgressBar.swift */ = {isa = PBXFileReference; lastKnownFileType = sourcecode.swift; path = GlobalLinearProgressBar.swift; sourceTree = "<group>"; };
		D51EA5F921757D6D0023A6A4 /* ProfileViewController.swift */ = {isa = PBXFileReference; lastKnownFileType = sourcecode.swift; path = ProfileViewController.swift; sourceTree = "<group>"; };
		D51EA5FB2175C8E10023A6A4 /* README.md */ = {isa = PBXFileReference; lastKnownFileType = net.daringfireball.markdown; path = README.md; sourceTree = "<group>"; };
		D52CD4BE218C9FFA006F4483 /* ClassroomChatTableViewController.swift */ = {isa = PBXFileReference; lastKnownFileType = sourcecode.swift; path = ClassroomChatTableViewController.swift; sourceTree = "<group>"; };
		D52CD4C0218CA925006F4483 /* ClassroomChatSectionHeaderView.swift */ = {isa = PBXFileReference; lastKnownFileType = sourcecode.swift; path = ClassroomChatSectionHeaderView.swift; sourceTree = "<group>"; };
		D56BD188217449160046E3DD /* askUSC.app */ = {isa = PBXFileReference; explicitFileType = wrapper.application; includeInIndex = 0; path = askUSC.app; sourceTree = BUILT_PRODUCTS_DIR; };
		D56BD18B217449160046E3DD /* AppDelegate.swift */ = {isa = PBXFileReference; lastKnownFileType = sourcecode.swift; path = AppDelegate.swift; sourceTree = "<group>"; };
		D56BD18D217449160046E3DD /* LoginViewController.swift */ = {isa = PBXFileReference; lastKnownFileType = sourcecode.swift; path = LoginViewController.swift; sourceTree = "<group>"; };
		D56BD195217449170046E3DD /* Base */ = {isa = PBXFileReference; lastKnownFileType = file.storyboard; name = Base; path = Base.lproj/LaunchScreen.storyboard; sourceTree = "<group>"; };
		D56BD197217449170046E3DD /* Info.plist */ = {isa = PBXFileReference; lastKnownFileType = text.plist.xml; path = Info.plist; sourceTree = "<group>"; };
		D56BD19C217449180046E3DD /* askUSCTests.xctest */ = {isa = PBXFileReference; explicitFileType = wrapper.cfbundle; includeInIndex = 0; path = askUSCTests.xctest; sourceTree = BUILT_PRODUCTS_DIR; };
		D56BD1A0217449180046E3DD /* askUSCTests.swift */ = {isa = PBXFileReference; lastKnownFileType = sourcecode.swift; path = askUSCTests.swift; sourceTree = "<group>"; };
		D56BD1A2217449180046E3DD /* Info.plist */ = {isa = PBXFileReference; lastKnownFileType = text.plist.xml; path = Info.plist; sourceTree = "<group>"; };
		D56BD1A7217449180046E3DD /* askUSCUITests.xctest */ = {isa = PBXFileReference; explicitFileType = wrapper.cfbundle; includeInIndex = 0; path = askUSCUITests.xctest; sourceTree = BUILT_PRODUCTS_DIR; };
		D56BD1AB217449180046E3DD /* askUSCUITests.swift */ = {isa = PBXFileReference; lastKnownFileType = sourcecode.swift; path = askUSCUITests.swift; sourceTree = "<group>"; };
		D56BD1AD217449180046E3DD /* Info.plist */ = {isa = PBXFileReference; lastKnownFileType = text.plist.xml; path = Info.plist; sourceTree = "<group>"; };
		D56BD1B9217544620046E3DD /* Core.swift */ = {isa = PBXFileReference; lastKnownFileType = sourcecode.swift; path = Core.swift; sourceTree = "<group>"; };
		D5D4824021755CC6004E346F /* BaseViewController.swift */ = {isa = PBXFileReference; lastKnownFileType = sourcecode.swift; path = BaseViewController.swift; sourceTree = "<group>"; };
		D5D482422175602E004E346F /* Extensions.swift */ = {isa = PBXFileReference; lastKnownFileType = sourcecode.swift; path = Extensions.swift; sourceTree = "<group>"; };
		D5D4EDA62182E658000EE81F /* NetworkingUtility.swift */ = {isa = PBXFileReference; lastKnownFileType = sourcecode.swift; path = NetworkingUtility.swift; sourceTree = "<group>"; };
		D5D4EDA9218667CD000EE81F /* Message.swift */ = {isa = PBXFileReference; lastKnownFileType = sourcecode.swift; path = Message.swift; sourceTree = "<group>"; };
		D5D4EDAB21866ED6000EE81F /* Profile.swift */ = {isa = PBXFileReference; lastKnownFileType = sourcecode.swift; path = Profile.swift; sourceTree = "<group>"; };
		D5D4EDAD21866F10000EE81F /* Class.swift */ = {isa = PBXFileReference; lastKnownFileType = sourcecode.swift; path = Class.swift; sourceTree = "<group>"; };
		D5D4EDAF21866FA5000EE81F /* Quote.swift */ = {isa = PBXFileReference; lastKnownFileType = sourcecode.swift; path = Quote.swift; sourceTree = "<group>"; };
		D5D5E4542188AD7500FCDAB1 /* ClassroomTableCell.swift */ = {isa = PBXFileReference; lastKnownFileType = sourcecode.swift; path = ClassroomTableCell.swift; sourceTree = "<group>"; };
/* End PBXFileReference section */

/* Begin PBXFrameworksBuildPhase section */
		D56BD185217449160046E3DD /* Frameworks */ = {
			isa = PBXFrameworksBuildPhase;
			buildActionMask = 2147483647;
			files = (
				C77DACDB1D2D71B1CE30F3B4 /* Pods_askUSC.framework in Frameworks */,
			);
			runOnlyForDeploymentPostprocessing = 0;
		};
		D56BD199217449180046E3DD /* Frameworks */ = {
			isa = PBXFrameworksBuildPhase;
			buildActionMask = 2147483647;
			files = (
				1402EFE41F4B30B5232F1578 /* Pods_askUSCTests.framework in Frameworks */,
			);
			runOnlyForDeploymentPostprocessing = 0;
		};
		D56BD1A4217449180046E3DD /* Frameworks */ = {
			isa = PBXFrameworksBuildPhase;
			buildActionMask = 2147483647;
			files = (
				2890C17C32AAEF29031AC835 /* Pods_askUSCUITests.framework in Frameworks */,
			);
			runOnlyForDeploymentPostprocessing = 0;
		};
/* End PBXFrameworksBuildPhase section */

/* Begin PBXGroup section */
		9C4D012C28D7FD3DE762F760 /* Frameworks */ = {
			isa = PBXGroup;
			children = (
				B722D2021FEED0A9711186F2 /* Pods_askUSC.framework */,
				2A3D7E51ACC9FBFAE61700EF /* Pods_askUSCTests.framework */,
				51469922D293E03E083FB356 /* Pods_askUSCUITests.framework */,
			);
			name = Frameworks;
			sourceTree = "<group>";
		};
		D51E2BAD217F842E00AAD938 /* Side Menu */ = {
			isa = PBXGroup;
			children = (
				D51E2BA32177E1FF00AAD938 /* SideMenuTableViewController.swift */,
			);
			path = "Side Menu";
			sourceTree = "<group>";
		};
		D51E2BAE217F845400AAD938 /* Login View */ = {
			isa = PBXGroup;
			children = (
				D56BD18D217449160046E3DD /* LoginViewController.swift */,
			);
			path = "Login View";
			sourceTree = "<group>";
		};
		D51E2BAF217F846600AAD938 /* My Profile */ = {
			isa = PBXGroup;
			children = (
				D51EA5F921757D6D0023A6A4 /* ProfileViewController.swift */,
			);
			path = "My Profile";
			sourceTree = "<group>";
		};
		D51E2BB0217F847200AAD938 /* Class Registration */ = {
			isa = PBXGroup;
			children = (
				D51E2BAB217E7D1600AAD938 /* ClassRegisterViewController.swift */,
			);
			path = "Class Registration";
			sourceTree = "<group>";
		};
		D51E2BB1217F847C00AAD938 /* Enter Classroom */ = {
			isa = PBXGroup;
			children = (
				D5D5E456218B6B7F00FCDAB1 /* Class List */,
				D5D5E457218B6B9300FCDAB1 /* Chat View */,
			);
			path = "Enter Classroom";
			sourceTree = "<group>";
		};
		D51E2BB2217F848C00AAD938 /* Utilities */ = {
			isa = PBXGroup;
			children = (
				D5D4824021755CC6004E346F /* BaseViewController.swift */,
				D56BD1B9217544620046E3DD /* Core.swift */,
				D5D482422175602E004E346F /* Extensions.swift */,
				D51E2BA9217D9D8A00AAD938 /* GlobalDispatchGroup.swift */,
				D51E2BB521821A1D00AAD938 /* GlobalLinearProgressBar.swift */,
				D5D4EDA62182E658000EE81F /* NetworkingUtility.swift */,
				D51E2BA52177EAB600AAD938 /* StringStyleRegistry.swift */,
			);
			path = Utilities;
			sourceTree = "<group>";
		};
		D56BD17F217449160046E3DD = {
			isa = PBXGroup;
			children = (
				D51EA5FB2175C8E10023A6A4 /* README.md */,
				D56BD18A217449160046E3DD /* askUSC */,
				D56BD19F217449180046E3DD /* askUSCTests */,
				D56BD1AA217449180046E3DD /* askUSCUITests */,
				D56BD189217449160046E3DD /* Products */,
				DE7E2BC6E113C5CEAA8A0F0A /* Pods */,
				9C4D012C28D7FD3DE762F760 /* Frameworks */,
			);
			sourceTree = "<group>";
		};
		D56BD189217449160046E3DD /* Products */ = {
			isa = PBXGroup;
			children = (
				D56BD188217449160046E3DD /* askUSC.app */,
				D56BD19C217449180046E3DD /* askUSCTests.xctest */,
				D56BD1A7217449180046E3DD /* askUSCUITests.xctest */,
			);
			name = Products;
			sourceTree = "<group>";
		};
		D56BD18A217449160046E3DD /* askUSC */ = {
			isa = PBXGroup;
			children = (
				D56BD18B217449160046E3DD /* AppDelegate.swift */,
				D56BD194217449170046E3DD /* LaunchScreen.storyboard */,
				D56BD197217449170046E3DD /* Info.plist */,
				D51A4B9A2175682A00014A6B /* Media.xcassets */,
				D5D4EDA8218667B9000EE81F /* Data Models */,
				D51E2BAE217F845400AAD938 /* Login View */,
				D51E2BAD217F842E00AAD938 /* Side Menu */,
				D51E2BAF217F846600AAD938 /* My Profile */,
				D51E2BB1217F847C00AAD938 /* Enter Classroom */,
				D51E2BB0217F847200AAD938 /* Class Registration */,
				D51E2BB2217F848C00AAD938 /* Utilities */,
			);
			path = askUSC;
			sourceTree = "<group>";
		};
		D56BD19F217449180046E3DD /* askUSCTests */ = {
			isa = PBXGroup;
			children = (
				D56BD1A0217449180046E3DD /* askUSCTests.swift */,
				D56BD1A2217449180046E3DD /* Info.plist */,
			);
			path = askUSCTests;
			sourceTree = "<group>";
		};
		D56BD1AA217449180046E3DD /* askUSCUITests */ = {
			isa = PBXGroup;
			children = (
				D56BD1AB217449180046E3DD /* askUSCUITests.swift */,
				D56BD1AD217449180046E3DD /* Info.plist */,
			);
			path = askUSCUITests;
			sourceTree = "<group>";
		};
		D5D4EDA8218667B9000EE81F /* Data Models */ = {
			isa = PBXGroup;
			children = (
				D5D4EDAD21866F10000EE81F /* Class.swift */,
				D5D4EDA9218667CD000EE81F /* Message.swift */,
				D5D4EDAB21866ED6000EE81F /* Profile.swift */,
				D5D4EDAF21866FA5000EE81F /* Quote.swift */,
			);
			path = "Data Models";
			sourceTree = "<group>";
		};
		D5D5E456218B6B7F00FCDAB1 /* Class List */ = {
			isa = PBXGroup;
			children = (
				D51E2BA7217B0CB900AAD938 /* ClassTableViewController.swift */,
				D51E2BB3217FC79800AAD938 /* ClassTableViewCell.swift */,
			);
			path = "Class List";
			sourceTree = "<group>";
		};
		D5D5E457218B6B9300FCDAB1 /* Chat View */ = {
			isa = PBXGroup;
			children = (
				D52CD4BE218C9FFA006F4483 /* ClassroomChatTableViewController.swift */,
				D5D5E4542188AD7500FCDAB1 /* ClassroomTableCell.swift */,
				D52CD4C0218CA925006F4483 /* ClassroomChatSectionHeaderView.swift */,
			);
			path = "Chat View";
			sourceTree = "<group>";
		};
		DE7E2BC6E113C5CEAA8A0F0A /* Pods */ = {
			isa = PBXGroup;
			children = (
				14935E1AB3BB395EEB45512F /* Pods-askUSC.debug.xcconfig */,
				B1315C067564BE1472249374 /* Pods-askUSC.release.xcconfig */,
				52A0DDE46317082E88271196 /* Pods-askUSCTests.debug.xcconfig */,
				B573C78AC5222F479262B389 /* Pods-askUSCTests.release.xcconfig */,
				50C0C634F2FF72CF8A7635A2 /* Pods-askUSCUITests.debug.xcconfig */,
				8CE099B62ED30A17A4BD074A /* Pods-askUSCUITests.release.xcconfig */,
			);
			name = Pods;
			sourceTree = "<group>";
		};
/* End PBXGroup section */

/* Begin PBXNativeTarget section */
		D56BD187217449160046E3DD /* askUSC */ = {
			isa = PBXNativeTarget;
			buildConfigurationList = D56BD1B0217449180046E3DD /* Build configuration list for PBXNativeTarget "askUSC" */;
			buildPhases = (
				8C7ACE901700769B3B160E3D /* [CP] Check Pods Manifest.lock */,
				D56BD184217449160046E3DD /* Sources */,
				D56BD185217449160046E3DD /* Frameworks */,
				D56BD186217449160046E3DD /* Resources */,
				67A6F29BE0A96BA25BB12D44 /* [CP] Embed Pods Frameworks */,
				9260D03BB1893F8231204C0F /* [CP] Copy Pods Resources */,
			);
			buildRules = (
			);
			dependencies = (
			);
			name = askUSC;
			productName = askUSC;
			productReference = D56BD188217449160046E3DD /* askUSC.app */;
			productType = "com.apple.product-type.application";
		};
		D56BD19B217449180046E3DD /* askUSCTests */ = {
			isa = PBXNativeTarget;
			buildConfigurationList = D56BD1B3217449180046E3DD /* Build configuration list for PBXNativeTarget "askUSCTests" */;
			buildPhases = (
				6C0F70745C4C6AF030609423 /* [CP] Check Pods Manifest.lock */,
				D56BD198217449180046E3DD /* Sources */,
				D56BD199217449180046E3DD /* Frameworks */,
				D56BD19A217449180046E3DD /* Resources */,
			);
			buildRules = (
			);
			dependencies = (
				D56BD19E217449180046E3DD /* PBXTargetDependency */,
			);
			name = askUSCTests;
			productName = askUSCTests;
			productReference = D56BD19C217449180046E3DD /* askUSCTests.xctest */;
			productType = "com.apple.product-type.bundle.unit-test";
		};
		D56BD1A6217449180046E3DD /* askUSCUITests */ = {
			isa = PBXNativeTarget;
			buildConfigurationList = D56BD1B6217449180046E3DD /* Build configuration list for PBXNativeTarget "askUSCUITests" */;
			buildPhases = (
				CFF21CEFE6C9E2E3F6C836DE /* [CP] Check Pods Manifest.lock */,
				D56BD1A3217449180046E3DD /* Sources */,
				D56BD1A4217449180046E3DD /* Frameworks */,
				D56BD1A5217449180046E3DD /* Resources */,
			);
			buildRules = (
			);
			dependencies = (
				D56BD1A9217449180046E3DD /* PBXTargetDependency */,
			);
			name = askUSCUITests;
			productName = askUSCUITests;
			productReference = D56BD1A7217449180046E3DD /* askUSCUITests.xctest */;
			productType = "com.apple.product-type.bundle.ui-testing";
		};
/* End PBXNativeTarget section */

/* Begin PBXProject section */
		D56BD180217449160046E3DD /* Project object */ = {
			isa = PBXProject;
			attributes = {
				LastSwiftUpdateCheck = 1000;
				LastUpgradeCheck = 1000;
				ORGANIZATIONNAME = "Boyuan Xu";
				TargetAttributes = {
					D56BD187217449160046E3DD = {
						CreatedOnToolsVersion = 10.0;
					};
					D56BD19B217449180046E3DD = {
						CreatedOnToolsVersion = 10.0;
						TestTargetID = D56BD187217449160046E3DD;
					};
					D56BD1A6217449180046E3DD = {
						CreatedOnToolsVersion = 10.0;
						TestTargetID = D56BD187217449160046E3DD;
					};
				};
			};
			buildConfigurationList = D56BD183217449160046E3DD /* Build configuration list for PBXProject "askUSC" */;
			compatibilityVersion = "Xcode 9.3";
			developmentRegion = en;
			hasScannedForEncodings = 0;
			knownRegions = (
				en,
				Base,
			);
			mainGroup = D56BD17F217449160046E3DD;
			productRefGroup = D56BD189217449160046E3DD /* Products */;
			projectDirPath = "";
			projectRoot = "";
			targets = (
				D56BD187217449160046E3DD /* askUSC */,
				D56BD19B217449180046E3DD /* askUSCTests */,
				D56BD1A6217449180046E3DD /* askUSCUITests */,
			);
		};
/* End PBXProject section */

/* Begin PBXResourcesBuildPhase section */
		D56BD186217449160046E3DD /* Resources */ = {
			isa = PBXResourcesBuildPhase;
			buildActionMask = 2147483647;
			files = (
				D51A4B9B2175682A00014A6B /* Media.xcassets in Resources */,
				D56BD196217449170046E3DD /* LaunchScreen.storyboard in Resources */,
			);
			runOnlyForDeploymentPostprocessing = 0;
		};
		D56BD19A217449180046E3DD /* Resources */ = {
			isa = PBXResourcesBuildPhase;
			buildActionMask = 2147483647;
			files = (
			);
			runOnlyForDeploymentPostprocessing = 0;
		};
		D56BD1A5217449180046E3DD /* Resources */ = {
			isa = PBXResourcesBuildPhase;
			buildActionMask = 2147483647;
			files = (
			);
			runOnlyForDeploymentPostprocessing = 0;
		};
/* End PBXResourcesBuildPhase section */

/* Begin PBXShellScriptBuildPhase section */
		67A6F29BE0A96BA25BB12D44 /* [CP] Embed Pods Frameworks */ = {
			isa = PBXShellScriptBuildPhase;
			buildActionMask = 2147483647;
			files = (
			);
			inputPaths = (
				"${SRCROOT}/Pods/Target Support Files/Pods-askUSC/Pods-askUSC-frameworks.sh",
				"${BUILT_PRODUCTS_DIR}/Alamofire/Alamofire.framework",
				"${BUILT_PRODUCTS_DIR}/AttributedLabel/AttributedLabel.framework",
				"${BUILT_PRODUCTS_DIR}/AutoInsetter/AutoInsetter.framework",
				"${BUILT_PRODUCTS_DIR}/Disk/Disk.framework",
				"${BUILT_PRODUCTS_DIR}/GTMOAuth2/GTMOAuth2.framework",
				"${BUILT_PRODUCTS_DIR}/GTMSessionFetcher/GTMSessionFetcher.framework",
				"${BUILT_PRODUCTS_DIR}/GoogleToolboxForMac/GoogleToolboxForMac.framework",
				"${BUILT_PRODUCTS_DIR}/IQKeyboardManagerSwift/IQKeyboardManagerSwift.framework",
				"${BUILT_PRODUCTS_DIR}/InputBarAccessoryView/InputBarAccessoryView.framework",
				"${BUILT_PRODUCTS_DIR}/LinearProgressBarMaterial/LinearProgressBarMaterial.framework",
				"${BUILT_PRODUCTS_DIR}/Pageboy/Pageboy.framework",
				"${BUILT_PRODUCTS_DIR}/SCLAlertView/SCLAlertView.framework",
				"${BUILT_PRODUCTS_DIR}/SideMenu/SideMenu.framework",
				"${BUILT_PRODUCTS_DIR}/SkeletonView/SkeletonView.framework",
				"${BUILT_PRODUCTS_DIR}/SkyFloatingLabelTextField/SkyFloatingLabelTextField.framework",
				"${BUILT_PRODUCTS_DIR}/SnapKit/SnapKit.framework",
				"${BUILT_PRODUCTS_DIR}/Starscream/Starscream.framework",
				"${BUILT_PRODUCTS_DIR}/SwiftDate/SwiftDate.framework",
				"${BUILT_PRODUCTS_DIR}/SwiftLocation/SwiftLocation.framework",
				"${BUILT_PRODUCTS_DIR}/SwiftRichString/SwiftRichString.framework",
				"${BUILT_PRODUCTS_DIR}/SwiftyJSON/SwiftyJSON.framework",
				"${BUILT_PRODUCTS_DIR}/Tabman/Tabman.framework",
				"${BUILT_PRODUCTS_DIR}/UITextView+Placeholder/UITextView_Placeholder.framework",
				"${BUILT_PRODUCTS_DIR}/UIWindowTransitions/UIWindowTransitions.framework",
				"${BUILT_PRODUCTS_DIR}/Valet/Valet.framework",
			);
			name = "[CP] Embed Pods Frameworks";
			outputPaths = (
				"${TARGET_BUILD_DIR}/${FRAMEWORKS_FOLDER_PATH}/Alamofire.framework",
				"${TARGET_BUILD_DIR}/${FRAMEWORKS_FOLDER_PATH}/AttributedLabel.framework",
				"${TARGET_BUILD_DIR}/${FRAMEWORKS_FOLDER_PATH}/AutoInsetter.framework",
				"${TARGET_BUILD_DIR}/${FRAMEWORKS_FOLDER_PATH}/Disk.framework",
				"${TARGET_BUILD_DIR}/${FRAMEWORKS_FOLDER_PATH}/GTMOAuth2.framework",
				"${TARGET_BUILD_DIR}/${FRAMEWORKS_FOLDER_PATH}/GTMSessionFetcher.framework",
				"${TARGET_BUILD_DIR}/${FRAMEWORKS_FOLDER_PATH}/GoogleToolboxForMac.framework",
				"${TARGET_BUILD_DIR}/${FRAMEWORKS_FOLDER_PATH}/IQKeyboardManagerSwift.framework",
				"${TARGET_BUILD_DIR}/${FRAMEWORKS_FOLDER_PATH}/InputBarAccessoryView.framework",
				"${TARGET_BUILD_DIR}/${FRAMEWORKS_FOLDER_PATH}/LinearProgressBarMaterial.framework",
				"${TARGET_BUILD_DIR}/${FRAMEWORKS_FOLDER_PATH}/Pageboy.framework",
				"${TARGET_BUILD_DIR}/${FRAMEWORKS_FOLDER_PATH}/SCLAlertView.framework",
				"${TARGET_BUILD_DIR}/${FRAMEWORKS_FOLDER_PATH}/SideMenu.framework",
				"${TARGET_BUILD_DIR}/${FRAMEWORKS_FOLDER_PATH}/SkeletonView.framework",
				"${TARGET_BUILD_DIR}/${FRAMEWORKS_FOLDER_PATH}/SkyFloatingLabelTextField.framework",
				"${TARGET_BUILD_DIR}/${FRAMEWORKS_FOLDER_PATH}/SnapKit.framework",
				"${TARGET_BUILD_DIR}/${FRAMEWORKS_FOLDER_PATH}/Starscream.framework",
				"${TARGET_BUILD_DIR}/${FRAMEWORKS_FOLDER_PATH}/SwiftDate.framework",
				"${TARGET_BUILD_DIR}/${FRAMEWORKS_FOLDER_PATH}/SwiftLocation.framework",
				"${TARGET_BUILD_DIR}/${FRAMEWORKS_FOLDER_PATH}/SwiftRichString.framework",
				"${TARGET_BUILD_DIR}/${FRAMEWORKS_FOLDER_PATH}/SwiftyJSON.framework",
				"${TARGET_BUILD_DIR}/${FRAMEWORKS_FOLDER_PATH}/Tabman.framework",
				"${TARGET_BUILD_DIR}/${FRAMEWORKS_FOLDER_PATH}/UITextView_Placeholder.framework",
				"${TARGET_BUILD_DIR}/${FRAMEWORKS_FOLDER_PATH}/UIWindowTransitions.framework",
				"${TARGET_BUILD_DIR}/${FRAMEWORKS_FOLDER_PATH}/Valet.framework",
			);
			runOnlyForDeploymentPostprocessing = 0;
			shellPath = /bin/sh;
			shellScript = "\"${SRCROOT}/Pods/Target Support Files/Pods-askUSC/Pods-askUSC-frameworks.sh\"\n";
			showEnvVarsInLog = 0;
		};
		6C0F70745C4C6AF030609423 /* [CP] Check Pods Manifest.lock */ = {
			isa = PBXShellScriptBuildPhase;
			buildActionMask = 2147483647;
			files = (
			);
			inputPaths = (
				"${PODS_PODFILE_DIR_PATH}/Podfile.lock",
				"${PODS_ROOT}/Manifest.lock",
			);
			name = "[CP] Check Pods Manifest.lock";
			outputPaths = (
				"$(DERIVED_FILE_DIR)/Pods-askUSCTests-checkManifestLockResult.txt",
			);
			runOnlyForDeploymentPostprocessing = 0;
			shellPath = /bin/sh;
			shellScript = "diff \"${PODS_PODFILE_DIR_PATH}/Podfile.lock\" \"${PODS_ROOT}/Manifest.lock\" > /dev/null\nif [ $? != 0 ] ; then\n    # print error to STDERR\n    echo \"error: The sandbox is not in sync with the Podfile.lock. Run 'pod install' or update your CocoaPods installation.\" >&2\n    exit 1\nfi\n# This output is used by Xcode 'outputs' to avoid re-running this script phase.\necho \"SUCCESS\" > \"${SCRIPT_OUTPUT_FILE_0}\"\n";
			showEnvVarsInLog = 0;
		};
		8C7ACE901700769B3B160E3D /* [CP] Check Pods Manifest.lock */ = {
			isa = PBXShellScriptBuildPhase;
			buildActionMask = 2147483647;
			files = (
			);
			inputPaths = (
				"${PODS_PODFILE_DIR_PATH}/Podfile.lock",
				"${PODS_ROOT}/Manifest.lock",
			);
			name = "[CP] Check Pods Manifest.lock";
			outputPaths = (
				"$(DERIVED_FILE_DIR)/Pods-askUSC-checkManifestLockResult.txt",
			);
			runOnlyForDeploymentPostprocessing = 0;
			shellPath = /bin/sh;
			shellScript = "diff \"${PODS_PODFILE_DIR_PATH}/Podfile.lock\" \"${PODS_ROOT}/Manifest.lock\" > /dev/null\nif [ $? != 0 ] ; then\n    # print error to STDERR\n    echo \"error: The sandbox is not in sync with the Podfile.lock. Run 'pod install' or update your CocoaPods installation.\" >&2\n    exit 1\nfi\n# This output is used by Xcode 'outputs' to avoid re-running this script phase.\necho \"SUCCESS\" > \"${SCRIPT_OUTPUT_FILE_0}\"\n";
			showEnvVarsInLog = 0;
		};
		9260D03BB1893F8231204C0F /* [CP] Copy Pods Resources */ = {
			isa = PBXShellScriptBuildPhase;
			buildActionMask = 2147483647;
			files = (
			);
			inputPaths = (
				"${SRCROOT}/Pods/Target Support Files/Pods-askUSC/Pods-askUSC-resources.sh",
				"${PODS_ROOT}/GoogleSignIn/Resources/GoogleSignIn.bundle",
			);
			name = "[CP] Copy Pods Resources";
			outputPaths = (
				"${TARGET_BUILD_DIR}/${UNLOCALIZED_RESOURCES_FOLDER_PATH}/GoogleSignIn.bundle",
			);
			runOnlyForDeploymentPostprocessing = 0;
			shellPath = /bin/sh;
			shellScript = "\"${SRCROOT}/Pods/Target Support Files/Pods-askUSC/Pods-askUSC-resources.sh\"\n";
			showEnvVarsInLog = 0;
		};
		CFF21CEFE6C9E2E3F6C836DE /* [CP] Check Pods Manifest.lock */ = {
			isa = PBXShellScriptBuildPhase;
			buildActionMask = 2147483647;
			files = (
			);
			inputPaths = (
				"${PODS_PODFILE_DIR_PATH}/Podfile.lock",
				"${PODS_ROOT}/Manifest.lock",
			);
			name = "[CP] Check Pods Manifest.lock";
			outputPaths = (
				"$(DERIVED_FILE_DIR)/Pods-askUSCUITests-checkManifestLockResult.txt",
			);
			runOnlyForDeploymentPostprocessing = 0;
			shellPath = /bin/sh;
			shellScript = "diff \"${PODS_PODFILE_DIR_PATH}/Podfile.lock\" \"${PODS_ROOT}/Manifest.lock\" > /dev/null\nif [ $? != 0 ] ; then\n    # print error to STDERR\n    echo \"error: The sandbox is not in sync with the Podfile.lock. Run 'pod install' or update your CocoaPods installation.\" >&2\n    exit 1\nfi\n# This output is used by Xcode 'outputs' to avoid re-running this script phase.\necho \"SUCCESS\" > \"${SCRIPT_OUTPUT_FILE_0}\"\n";
			showEnvVarsInLog = 0;
		};
/* End PBXShellScriptBuildPhase section */

/* Begin PBXSourcesBuildPhase section */
		D56BD184217449160046E3DD /* Sources */ = {
			isa = PBXSourcesBuildPhase;
			buildActionMask = 2147483647;
			files = (
				D5D4EDA72182E658000EE81F /* NetworkingUtility.swift in Sources */,
				D51E2BA8217B0CB900AAD938 /* ClassTableViewController.swift in Sources */,
				D5D482432175602E004E346F /* Extensions.swift in Sources */,
				D51E2BAA217D9D8A00AAD938 /* GlobalDispatchGroup.swift in Sources */,
				D5D4EDB021866FA5000EE81F /* Quote.swift in Sources */,
				D5D5E4552188AD7500FCDAB1 /* ClassroomTableCell.swift in Sources */,
				D51E2BAC217E7D1600AAD938 /* ClassRegisterViewController.swift in Sources */,
				D56BD1BA217544620046E3DD /* Core.swift in Sources */,
				D5D4824121755CC6004E346F /* BaseViewController.swift in Sources */,
				D52CD4C1218CA925006F4483 /* ClassroomChatSectionHeaderView.swift in Sources */,
				D56BD18E217449160046E3DD /* LoginViewController.swift in Sources */,
				D56BD18C217449160046E3DD /* AppDelegate.swift in Sources */,
				D52CD4BF218C9FFA006F4483 /* ClassroomChatTableViewController.swift in Sources */,
				D5D4EDAC21866ED6000EE81F /* Profile.swift in Sources */,
				D51E2BB4217FC79800AAD938 /* ClassTableViewCell.swift in Sources */,
				D51E2BA62177EAB600AAD938 /* StringStyleRegistry.swift in Sources */,
				D51EA5FA21757D6D0023A6A4 /* ProfileViewController.swift in Sources */,
				D5D4EDAA218667CD000EE81F /* Message.swift in Sources */,
				D51E2BA42177E1FF00AAD938 /* SideMenuTableViewController.swift in Sources */,
				D5D4EDAE21866F10000EE81F /* Class.swift in Sources */,
				D51E2BB621821A1D00AAD938 /* GlobalLinearProgressBar.swift in Sources */,
			);
			runOnlyForDeploymentPostprocessing = 0;
		};
		D56BD198217449180046E3DD /* Sources */ = {
			isa = PBXSourcesBuildPhase;
			buildActionMask = 2147483647;
			files = (
				D56BD1A1217449180046E3DD /* askUSCTests.swift in Sources */,
			);
			runOnlyForDeploymentPostprocessing = 0;
		};
		D56BD1A3217449180046E3DD /* Sources */ = {
			isa = PBXSourcesBuildPhase;
			buildActionMask = 2147483647;
			files = (
				D56BD1AC217449180046E3DD /* askUSCUITests.swift in Sources */,
			);
			runOnlyForDeploymentPostprocessing = 0;
		};
/* End PBXSourcesBuildPhase section */

/* Begin PBXTargetDependency section */
		D56BD19E217449180046E3DD /* PBXTargetDependency */ = {
			isa = PBXTargetDependency;
			target = D56BD187217449160046E3DD /* askUSC */;
			targetProxy = D56BD19D217449180046E3DD /* PBXContainerItemProxy */;
		};
		D56BD1A9217449180046E3DD /* PBXTargetDependency */ = {
			isa = PBXTargetDependency;
			target = D56BD187217449160046E3DD /* askUSC */;
			targetProxy = D56BD1A8217449180046E3DD /* PBXContainerItemProxy */;
		};
/* End PBXTargetDependency section */

/* Begin PBXVariantGroup section */
		D56BD194217449170046E3DD /* LaunchScreen.storyboard */ = {
			isa = PBXVariantGroup;
			children = (
				D56BD195217449170046E3DD /* Base */,
			);
			name = LaunchScreen.storyboard;
			sourceTree = "<group>";
		};
/* End PBXVariantGroup section */

/* Begin XCBuildConfiguration section */
		D56BD1AE217449180046E3DD /* Debug */ = {
			isa = XCBuildConfiguration;
			buildSettings = {
				ALWAYS_SEARCH_USER_PATHS = NO;
				CLANG_ANALYZER_NONNULL = YES;
				CLANG_ANALYZER_NUMBER_OBJECT_CONVERSION = YES_AGGRESSIVE;
				CLANG_CXX_LANGUAGE_STANDARD = "gnu++14";
				CLANG_CXX_LIBRARY = "libc++";
				CLANG_ENABLE_MODULES = YES;
				CLANG_ENABLE_OBJC_ARC = YES;
				CLANG_ENABLE_OBJC_WEAK = YES;
				CLANG_WARN_BLOCK_CAPTURE_AUTORELEASING = YES;
				CLANG_WARN_BOOL_CONVERSION = YES;
				CLANG_WARN_COMMA = YES;
				CLANG_WARN_CONSTANT_CONVERSION = YES;
				CLANG_WARN_DEPRECATED_OBJC_IMPLEMENTATIONS = YES;
				CLANG_WARN_DIRECT_OBJC_ISA_USAGE = YES_ERROR;
				CLANG_WARN_DOCUMENTATION_COMMENTS = YES;
				CLANG_WARN_EMPTY_BODY = YES;
				CLANG_WARN_ENUM_CONVERSION = YES;
				CLANG_WARN_INFINITE_RECURSION = YES;
				CLANG_WARN_INT_CONVERSION = YES;
				CLANG_WARN_NON_LITERAL_NULL_CONVERSION = YES;
				CLANG_WARN_OBJC_IMPLICIT_RETAIN_SELF = YES;
				CLANG_WARN_OBJC_LITERAL_CONVERSION = YES;
				CLANG_WARN_OBJC_ROOT_CLASS = YES_ERROR;
				CLANG_WARN_RANGE_LOOP_ANALYSIS = YES;
				CLANG_WARN_STRICT_PROTOTYPES = YES;
				CLANG_WARN_SUSPICIOUS_MOVE = YES;
				CLANG_WARN_UNGUARDED_AVAILABILITY = YES_AGGRESSIVE;
				CLANG_WARN_UNREACHABLE_CODE = YES;
				CLANG_WARN__DUPLICATE_METHOD_MATCH = YES;
				CODE_SIGN_IDENTITY = "iPhone Developer";
				COPY_PHASE_STRIP = NO;
				DEBUG_INFORMATION_FORMAT = dwarf;
				ENABLE_STRICT_OBJC_MSGSEND = YES;
				ENABLE_TESTABILITY = YES;
				GCC_C_LANGUAGE_STANDARD = gnu11;
				GCC_DYNAMIC_NO_PIC = NO;
				GCC_NO_COMMON_BLOCKS = YES;
				GCC_OPTIMIZATION_LEVEL = 0;
				GCC_PREPROCESSOR_DEFINITIONS = (
					"DEBUG=1",
					"$(inherited)",
				);
				GCC_WARN_64_TO_32_BIT_CONVERSION = YES;
				GCC_WARN_ABOUT_RETURN_TYPE = YES_ERROR;
				GCC_WARN_UNDECLARED_SELECTOR = YES;
				GCC_WARN_UNINITIALIZED_AUTOS = YES_AGGRESSIVE;
				GCC_WARN_UNUSED_FUNCTION = YES;
				GCC_WARN_UNUSED_VARIABLE = YES;
				IPHONEOS_DEPLOYMENT_TARGET = 12.0;
				MTL_ENABLE_DEBUG_INFO = INCLUDE_SOURCE;
				ONLY_ACTIVE_ARCH = YES;
				SDKROOT = iphoneos;
				SWIFT_ACTIVE_COMPILATION_CONDITIONS = DEBUG;
				SWIFT_OPTIMIZATION_LEVEL = "-Onone";
			};
			name = Debug;
		};
		D56BD1AF217449180046E3DD /* Release */ = {
			isa = XCBuildConfiguration;
			buildSettings = {
				ALWAYS_SEARCH_USER_PATHS = NO;
				CLANG_ANALYZER_NONNULL = YES;
				CLANG_ANALYZER_NUMBER_OBJECT_CONVERSION = YES_AGGRESSIVE;
				CLANG_CXX_LANGUAGE_STANDARD = "gnu++14";
				CLANG_CXX_LIBRARY = "libc++";
				CLANG_ENABLE_MODULES = YES;
				CLANG_ENABLE_OBJC_ARC = YES;
				CLANG_ENABLE_OBJC_WEAK = YES;
				CLANG_WARN_BLOCK_CAPTURE_AUTORELEASING = YES;
				CLANG_WARN_BOOL_CONVERSION = YES;
				CLANG_WARN_COMMA = YES;
				CLANG_WARN_CONSTANT_CONVERSION = YES;
				CLANG_WARN_DEPRECATED_OBJC_IMPLEMENTATIONS = YES;
				CLANG_WARN_DIRECT_OBJC_ISA_USAGE = YES_ERROR;
				CLANG_WARN_DOCUMENTATION_COMMENTS = YES;
				CLANG_WARN_EMPTY_BODY = YES;
				CLANG_WARN_ENUM_CONVERSION = YES;
				CLANG_WARN_INFINITE_RECURSION = YES;
				CLANG_WARN_INT_CONVERSION = YES;
				CLANG_WARN_NON_LITERAL_NULL_CONVERSION = YES;
				CLANG_WARN_OBJC_IMPLICIT_RETAIN_SELF = YES;
				CLANG_WARN_OBJC_LITERAL_CONVERSION = YES;
				CLANG_WARN_OBJC_ROOT_CLASS = YES_ERROR;
				CLANG_WARN_RANGE_LOOP_ANALYSIS = YES;
				CLANG_WARN_STRICT_PROTOTYPES = YES;
				CLANG_WARN_SUSPICIOUS_MOVE = YES;
				CLANG_WARN_UNGUARDED_AVAILABILITY = YES_AGGRESSIVE;
				CLANG_WARN_UNREACHABLE_CODE = YES;
				CLANG_WARN__DUPLICATE_METHOD_MATCH = YES;
				CODE_SIGN_IDENTITY = "iPhone Developer";
				COPY_PHASE_STRIP = NO;
				DEBUG_INFORMATION_FORMAT = "dwarf-with-dsym";
				ENABLE_NS_ASSERTIONS = NO;
				ENABLE_STRICT_OBJC_MSGSEND = YES;
				GCC_C_LANGUAGE_STANDARD = gnu11;
				GCC_NO_COMMON_BLOCKS = YES;
				GCC_WARN_64_TO_32_BIT_CONVERSION = YES;
				GCC_WARN_ABOUT_RETURN_TYPE = YES_ERROR;
				GCC_WARN_UNDECLARED_SELECTOR = YES;
				GCC_WARN_UNINITIALIZED_AUTOS = YES_AGGRESSIVE;
				GCC_WARN_UNUSED_FUNCTION = YES;
				GCC_WARN_UNUSED_VARIABLE = YES;
				IPHONEOS_DEPLOYMENT_TARGET = 12.0;
				MTL_ENABLE_DEBUG_INFO = NO;
				SDKROOT = iphoneos;
				SWIFT_COMPILATION_MODE = wholemodule;
				SWIFT_OPTIMIZATION_LEVEL = "-O";
				VALIDATE_PRODUCT = YES;
			};
			name = Release;
		};
		D56BD1B1217449180046E3DD /* Debug */ = {
			isa = XCBuildConfiguration;
			baseConfigurationReference = 14935E1AB3BB395EEB45512F /* Pods-askUSC.debug.xcconfig */;
			buildSettings = {
				ASSETCATALOG_COMPILER_APPICON_NAME = AppIcon;
				CODE_SIGN_STYLE = Automatic;
				DEVELOPMENT_TEAM = D5GTMK5VKL;
				INFOPLIST_FILE = askUSC/Info.plist;
				LD_RUNPATH_SEARCH_PATHS = (
					"$(inherited)",
					"@executable_path/Frameworks",
				);
				PRODUCT_BUNDLE_IDENTIFIER = com.bx.askUSC;
				PRODUCT_NAME = "$(TARGET_NAME)";
				SWIFT_VERSION = 4.2;
				TARGETED_DEVICE_FAMILY = "1,2";
			};
			name = Debug;
		};
		D56BD1B2217449180046E3DD /* Release */ = {
			isa = XCBuildConfiguration;
			baseConfigurationReference = B1315C067564BE1472249374 /* Pods-askUSC.release.xcconfig */;
			buildSettings = {
				ASSETCATALOG_COMPILER_APPICON_NAME = AppIcon;
				CODE_SIGN_STYLE = Automatic;
				DEVELOPMENT_TEAM = D5GTMK5VKL;
				INFOPLIST_FILE = askUSC/Info.plist;
				LD_RUNPATH_SEARCH_PATHS = (
					"$(inherited)",
					"@executable_path/Frameworks",
				);
				PRODUCT_BUNDLE_IDENTIFIER = com.bx.askUSC;
				PRODUCT_NAME = "$(TARGET_NAME)";
				SWIFT_VERSION = 4.2;
				TARGETED_DEVICE_FAMILY = "1,2";
			};
			name = Release;
		};
		D56BD1B4217449180046E3DD /* Debug */ = {
			isa = XCBuildConfiguration;
			baseConfigurationReference = 52A0DDE46317082E88271196 /* Pods-askUSCTests.debug.xcconfig */;
			buildSettings = {
				ALWAYS_EMBED_SWIFT_STANDARD_LIBRARIES = YES;
				BUNDLE_LOADER = "$(TEST_HOST)";
				CODE_SIGN_STYLE = Automatic;
				DEVELOPMENT_TEAM = D5GTMK5VKL;
				INFOPLIST_FILE = askUSCTests/Info.plist;
				LD_RUNPATH_SEARCH_PATHS = (
					"$(inherited)",
					"@executable_path/Frameworks",
					"@loader_path/Frameworks",
				);
				PRODUCT_BUNDLE_IDENTIFIER = com.bx.askUSCTests;
				PRODUCT_NAME = "$(TARGET_NAME)";
				SWIFT_VERSION = 4.2;
				TARGETED_DEVICE_FAMILY = "1,2";
				TEST_HOST = "$(BUILT_PRODUCTS_DIR)/askUSC.app/askUSC";
			};
			name = Debug;
		};
		D56BD1B5217449180046E3DD /* Release */ = {
			isa = XCBuildConfiguration;
			baseConfigurationReference = B573C78AC5222F479262B389 /* Pods-askUSCTests.release.xcconfig */;
			buildSettings = {
				ALWAYS_EMBED_SWIFT_STANDARD_LIBRARIES = YES;
				BUNDLE_LOADER = "$(TEST_HOST)";
				CODE_SIGN_STYLE = Automatic;
				DEVELOPMENT_TEAM = D5GTMK5VKL;
				INFOPLIST_FILE = askUSCTests/Info.plist;
				LD_RUNPATH_SEARCH_PATHS = (
					"$(inherited)",
					"@executable_path/Frameworks",
					"@loader_path/Frameworks",
				);
				PRODUCT_BUNDLE_IDENTIFIER = com.bx.askUSCTests;
				PRODUCT_NAME = "$(TARGET_NAME)";
				SWIFT_VERSION = 4.2;
				TARGETED_DEVICE_FAMILY = "1,2";
				TEST_HOST = "$(BUILT_PRODUCTS_DIR)/askUSC.app/askUSC";
			};
			name = Release;
		};
		D56BD1B7217449180046E3DD /* Debug */ = {
			isa = XCBuildConfiguration;
			baseConfigurationReference = 50C0C634F2FF72CF8A7635A2 /* Pods-askUSCUITests.debug.xcconfig */;
			buildSettings = {
				ALWAYS_EMBED_SWIFT_STANDARD_LIBRARIES = YES;
				CODE_SIGN_STYLE = Automatic;
				DEVELOPMENT_TEAM = D5GTMK5VKL;
				INFOPLIST_FILE = askUSCUITests/Info.plist;
				LD_RUNPATH_SEARCH_PATHS = (
					"$(inherited)",
					"@executable_path/Frameworks",
					"@loader_path/Frameworks",
				);
				PRODUCT_BUNDLE_IDENTIFIER = com.bx.askUSCUITests;
				PRODUCT_NAME = "$(TARGET_NAME)";
				SWIFT_VERSION = 4.2;
				TARGETED_DEVICE_FAMILY = "1,2";
				TEST_TARGET_NAME = askUSC;
			};
			name = Debug;
		};
		D56BD1B8217449180046E3DD /* Release */ = {
			isa = XCBuildConfiguration;
			baseConfigurationReference = 8CE099B62ED30A17A4BD074A /* Pods-askUSCUITests.release.xcconfig */;
			buildSettings = {
				ALWAYS_EMBED_SWIFT_STANDARD_LIBRARIES = YES;
				CODE_SIGN_STYLE = Automatic;
				DEVELOPMENT_TEAM = D5GTMK5VKL;
				INFOPLIST_FILE = askUSCUITests/Info.plist;
				LD_RUNPATH_SEARCH_PATHS = (
					"$(inherited)",
					"@executable_path/Frameworks",
					"@loader_path/Frameworks",
				);
				PRODUCT_BUNDLE_IDENTIFIER = com.bx.askUSCUITests;
				PRODUCT_NAME = "$(TARGET_NAME)";
				SWIFT_VERSION = 4.2;
				TARGETED_DEVICE_FAMILY = "1,2";
				TEST_TARGET_NAME = askUSC;
			};
			name = Release;
		};
/* End XCBuildConfiguration section */

/* Begin XCConfigurationList section */
		D56BD183217449160046E3DD /* Build configuration list for PBXProject "askUSC" */ = {
			isa = XCConfigurationList;
			buildConfigurations = (
				D56BD1AE217449180046E3DD /* Debug */,
				D56BD1AF217449180046E3DD /* Release */,
			);
			defaultConfigurationIsVisible = 0;
			defaultConfigurationName = Release;
		};
		D56BD1B0217449180046E3DD /* Build configuration list for PBXNativeTarget "askUSC" */ = {
			isa = XCConfigurationList;
			buildConfigurations = (
				D56BD1B1217449180046E3DD /* Debug */,
				D56BD1B2217449180046E3DD /* Release */,
			);
			defaultConfigurationIsVisible = 0;
			defaultConfigurationName = Release;
		};
		D56BD1B3217449180046E3DD /* Build configuration list for PBXNativeTarget "askUSCTests" */ = {
			isa = XCConfigurationList;
			buildConfigurations = (
				D56BD1B4217449180046E3DD /* Debug */,
				D56BD1B5217449180046E3DD /* Release */,
			);
			defaultConfigurationIsVisible = 0;
			defaultConfigurationName = Release;
		};
		D56BD1B6217449180046E3DD /* Build configuration list for PBXNativeTarget "askUSCUITests" */ = {
			isa = XCConfigurationList;
			buildConfigurations = (
				D56BD1B7217449180046E3DD /* Debug */,
				D56BD1B8217449180046E3DD /* Release */,
			);
			defaultConfigurationIsVisible = 0;
			defaultConfigurationName = Release;
		};
/* End XCConfigurationList section */
	};
	rootObject = D56BD180217449160046E3DD /* Project object */;
}
